// !$*UTF8*$!
{
	archiveVersion = 1;
	classes = {
	};
	objectVersion = 46;
	objects = {

/* Begin PBXBuildFile section */
		974C0FD91E6D89D000053323 /* UIScreen+ZZExtension.m in Sources */ = {isa = PBXBuildFile; fileRef = 974C0FD81E6D89D000053323 /* UIScreen+ZZExtension.m */; };
		975E77311E6D48C200D93502 /* main.m in Sources */ = {isa = PBXBuildFile; fileRef = 975E77301E6D48C200D93502 /* main.m */; };
		975E773A1E6D48C200D93502 /* Main.storyboard in Resources */ = {isa = PBXBuildFile; fileRef = 975E77381E6D48C200D93502 /* Main.storyboard */; };
		975E773C1E6D48C200D93502 /* Assets.xcassets in Resources */ = {isa = PBXBuildFile; fileRef = 975E773B1E6D48C200D93502 /* Assets.xcassets */; };
		975E773F1E6D48C200D93502 /* LaunchScreen.storyboard in Resources */ = {isa = PBXBuildFile; fileRef = 975E773D1E6D48C200D93502 /* LaunchScreen.storyboard */; };
		975E77521E6D49E200D93502 /* AppDelegate.m in Sources */ = {isa = PBXBuildFile; fileRef = 975E774F1E6D49E200D93502 /* AppDelegate.m */; };
		975E77531E6D49E200D93502 /* ViewController.m in Sources */ = {isa = PBXBuildFile; fileRef = 975E77511E6D49E200D93502 /* ViewController.m */; };
		975E77671E6D529E00D93502 /* UIView+ZZExtension.m in Sources */ = {isa = PBXBuildFile; fileRef = 975E77641E6D529E00D93502 /* UIView+ZZExtension.m */; };
		975E77681E6D529E00D93502 /* UIView+ZZFrame.m in Sources */ = {isa = PBXBuildFile; fileRef = 975E77661E6D529E00D93502 /* UIView+ZZFrame.m */; };
		975E77791E6D7E7400D93502 /* TestView.m in Sources */ = {isa = PBXBuildFile; fileRef = 975E77781E6D7E7400D93502 /* TestView.m */; };
		975E777B1E6D7E7E00D93502 /* TestView.xib in Resources */ = {isa = PBXBuildFile; fileRef = 975E777A1E6D7E7E00D93502 /* TestView.xib */; };
		975E777E1E6D839000D93502 /* UIAlertController+ZZExtension.m in Sources */ = {isa = PBXBuildFile; fileRef = 975E777D1E6D839000D93502 /* UIAlertController+ZZExtension.m */; };
		977EB4971E718CCD008C47B7 /* NSDate+ZZExtension.m in Sources */ = {isa = PBXBuildFile; fileRef = 977EB4961E718CCD008C47B7 /* NSDate+ZZExtension.m */; };
		977EB49A1E718CF7008C47B7 /* NSDateFormatter+ZZExtension.m in Sources */ = {isa = PBXBuildFile; fileRef = 977EB4991E718CF7008C47B7 /* NSDateFormatter+ZZExtension.m */; };
		977EB49D1E718FCE008C47B7 /* NSCalendar+ZZExtension.m in Sources */ = {isa = PBXBuildFile; fileRef = 977EB49C1E718FCE008C47B7 /* NSCalendar+ZZExtension.m */; };
/* End PBXBuildFile section */

/* Begin PBXFileReference section */
		974C0FD71E6D89D000053323 /* UIScreen+ZZExtension.h */ = {isa = PBXFileReference; fileEncoding = 4; lastKnownFileType = sourcecode.c.h; path = "UIScreen+ZZExtension.h"; sourceTree = "<group>"; };
		974C0FD81E6D89D000053323 /* UIScreen+ZZExtension.m */ = {isa = PBXFileReference; fileEncoding = 4; lastKnownFileType = sourcecode.c.objc; path = "UIScreen+ZZExtension.m"; sourceTree = "<group>"; };
		975E772C1E6D48C200D93502 /* ZZTool.app */ = {isa = PBXFileReference; explicitFileType = wrapper.application; includeInIndex = 0; path = ZZTool.app; sourceTree = BUILT_PRODUCTS_DIR; };
		975E77301E6D48C200D93502 /* main.m */ = {isa = PBXFileReference; lastKnownFileType = sourcecode.c.objc; path = main.m; sourceTree = "<group>"; };
		975E77391E6D48C200D93502 /* Base */ = {isa = PBXFileReference; lastKnownFileType = file.storyboard; name = Base; path = Base.lproj/Main.storyboard; sourceTree = "<group>"; };
		975E773B1E6D48C200D93502 /* Assets.xcassets */ = {isa = PBXFileReference; lastKnownFileType = folder.assetcatalog; path = Assets.xcassets; sourceTree = "<group>"; };
		975E773E1E6D48C200D93502 /* Base */ = {isa = PBXFileReference; lastKnownFileType = file.storyboard; name = Base; path = Base.lproj/LaunchScreen.storyboard; sourceTree = "<group>"; };
		975E77401E6D48C200D93502 /* Info.plist */ = {isa = PBXFileReference; lastKnownFileType = text.plist.xml; path = Info.plist; sourceTree = "<group>"; };
		975E774E1E6D49E200D93502 /* AppDelegate.h */ = {isa = PBXFileReference; fileEncoding = 4; lastKnownFileType = sourcecode.c.h; path = AppDelegate.h; sourceTree = "<group>"; };
		975E774F1E6D49E200D93502 /* AppDelegate.m */ = {isa = PBXFileReference; fileEncoding = 4; lastKnownFileType = sourcecode.c.objc; path = AppDelegate.m; sourceTree = "<group>"; };
		975E77501E6D49E200D93502 /* ViewController.h */ = {isa = PBXFileReference; fileEncoding = 4; lastKnownFileType = sourcecode.c.h; path = ViewController.h; sourceTree = "<group>"; };
		975E77511E6D49E200D93502 /* ViewController.m */ = {isa = PBXFileReference; fileEncoding = 4; lastKnownFileType = sourcecode.c.objc; path = ViewController.m; sourceTree = "<group>"; };
		975E77631E6D529E00D93502 /* UIView+ZZExtension.h */ = {isa = PBXFileReference; fileEncoding = 4; lastKnownFileType = sourcecode.c.h; path = "UIView+ZZExtension.h"; sourceTree = "<group>"; };
		975E77641E6D529E00D93502 /* UIView+ZZExtension.m */ = {isa = PBXFileReference; fileEncoding = 4; lastKnownFileType = sourcecode.c.objc; path = "UIView+ZZExtension.m"; sourceTree = "<group>"; };
		975E77651E6D529E00D93502 /* UIView+ZZFrame.h */ = {isa = PBXFileReference; fileEncoding = 4; lastKnownFileType = sourcecode.c.h; path = "UIView+ZZFrame.h"; sourceTree = "<group>"; };
		975E77661E6D529E00D93502 /* UIView+ZZFrame.m */ = {isa = PBXFileReference; fileEncoding = 4; lastKnownFileType = sourcecode.c.objc; path = "UIView+ZZFrame.m"; sourceTree = "<group>"; };
		975E776A1E6D52FD00D93502 /* ZZUIExtension.h */ = {isa = PBXFileReference; fileEncoding = 4; lastKnownFileType = sourcecode.c.h; path = ZZUIExtension.h; sourceTree = "<group>"; };
		975E77711E6D559600D93502 /* ZZTool.h */ = {isa = PBXFileReference; fileEncoding = 4; lastKnownFileType = sourcecode.c.h; path = ZZTool.h; sourceTree = "<group>"; };
		975E77741E6D5C1000D93502 /* ZZCommon.h */ = {isa = PBXFileReference; fileEncoding = 4; lastKnownFileType = sourcecode.c.h; path = ZZCommon.h; sourceTree = "<group>"; };
		975E77771E6D7E7400D93502 /* TestView.h */ = {isa = PBXFileReference; fileEncoding = 4; lastKnownFileType = sourcecode.c.h; path = TestView.h; sourceTree = "<group>"; };
		975E77781E6D7E7400D93502 /* TestView.m */ = {isa = PBXFileReference; fileEncoding = 4; lastKnownFileType = sourcecode.c.objc; path = TestView.m; sourceTree = "<group>"; };
		975E777A1E6D7E7E00D93502 /* TestView.xib */ = {isa = PBXFileReference; fileEncoding = 4; lastKnownFileType = file.xib; path = TestView.xib; sourceTree = "<group>"; };
		975E777C1E6D839000D93502 /* UIAlertController+ZZExtension.h */ = {isa = PBXFileReference; fileEncoding = 4; lastKnownFileType = sourcecode.c.h; path = "UIAlertController+ZZExtension.h"; sourceTree = "<group>"; };
		975E777D1E6D839000D93502 /* UIAlertController+ZZExtension.m */ = {isa = PBXFileReference; fileEncoding = 4; lastKnownFileType = sourcecode.c.objc; path = "UIAlertController+ZZExtension.m"; sourceTree = "<group>"; };
		977EB4951E718CCD008C47B7 /* NSDate+ZZExtension.h */ = {isa = PBXFileReference; fileEncoding = 4; lastKnownFileType = sourcecode.c.h; path = "NSDate+ZZExtension.h"; sourceTree = "<group>"; };
		977EB4961E718CCD008C47B7 /* NSDate+ZZExtension.m */ = {isa = PBXFileReference; fileEncoding = 4; lastKnownFileType = sourcecode.c.objc; path = "NSDate+ZZExtension.m"; sourceTree = "<group>"; };
		977EB4981E718CF7008C47B7 /* NSDateFormatter+ZZExtension.h */ = {isa = PBXFileReference; fileEncoding = 4; lastKnownFileType = sourcecode.c.h; path = "NSDateFormatter+ZZExtension.h"; sourceTree = "<group>"; };
		977EB4991E718CF7008C47B7 /* NSDateFormatter+ZZExtension.m */ = {isa = PBXFileReference; fileEncoding = 4; lastKnownFileType = sourcecode.c.objc; path = "NSDateFormatter+ZZExtension.m"; sourceTree = "<group>"; };
		977EB49B1E718FCE008C47B7 /* NSCalendar+ZZExtension.h */ = {isa = PBXFileReference; fileEncoding = 4; lastKnownFileType = sourcecode.c.h; path = "NSCalendar+ZZExtension.h"; sourceTree = "<group>"; };
		977EB49C1E718FCE008C47B7 /* NSCalendar+ZZExtension.m */ = {isa = PBXFileReference; fileEncoding = 4; lastKnownFileType = sourcecode.c.objc; path = "NSCalendar+ZZExtension.m"; sourceTree = "<group>"; };
/* End PBXFileReference section */

/* Begin PBXFrameworksBuildPhase section */
		975E77291E6D48C200D93502 /* Frameworks */ = {
			isa = PBXFrameworksBuildPhase;
			buildActionMask = 2147483647;
			files = (
			);
			runOnlyForDeploymentPostprocessing = 0;
		};
/* End PBXFrameworksBuildPhase section */

/* Begin PBXGroup section */
		975E77231E6D48C200D93502 = {
			isa = PBXGroup;
			children = (
				975E772E1E6D48C200D93502 /* ZZTool */,
				975E772D1E6D48C200D93502 /* Products */,
			);
			sourceTree = "<group>";
		};
		975E772D1E6D48C200D93502 /* Products */ = {
			isa = PBXGroup;
			children = (
				975E772C1E6D48C200D93502 /* ZZTool.app */,
			);
			name = Products;
			sourceTree = "<group>";
		};
		975E772E1E6D48C200D93502 /* ZZTool */ = {
			isa = PBXGroup;
			children = (
				975E77541E6D4A5200D93502 /* ZZTool */,
				975E774D1E6D49E200D93502 /* Demo */,
				975E772F1E6D48C200D93502 /* Supporting Files */,
			);
			path = ZZTool;
			sourceTree = "<group>";
		};
		975E772F1E6D48C200D93502 /* Supporting Files */ = {
			isa = PBXGroup;
			children = (
				975E773B1E6D48C200D93502 /* Assets.xcassets */,
				975E773D1E6D48C200D93502 /* LaunchScreen.storyboard */,
				975E77381E6D48C200D93502 /* Main.storyboard */,
				975E77401E6D48C200D93502 /* Info.plist */,
				975E77301E6D48C200D93502 /* main.m */,
			);
			name = "Supporting Files";
			sourceTree = "<group>";
		};
		975E774D1E6D49E200D93502 /* Demo */ = {
			isa = PBXGroup;
			children = (
				975E774E1E6D49E200D93502 /* AppDelegate.h */,
				975E774F1E6D49E200D93502 /* AppDelegate.m */,
				975E77501E6D49E200D93502 /* ViewController.h */,
				975E77511E6D49E200D93502 /* ViewController.m */,
				975E77771E6D7E7400D93502 /* TestView.h */,
				975E77781E6D7E7400D93502 /* TestView.m */,
				975E777A1E6D7E7E00D93502 /* TestView.xib */,
			);
			path = Demo;
			sourceTree = "<group>";
		};
		975E77541E6D4A5200D93502 /* ZZTool */ = {
			isa = PBXGroup;
			children = (
				975E77711E6D559600D93502 /* ZZTool.h */,
				975E77741E6D5C1000D93502 /* ZZCommon.h */,
				975E77611E6D529E00D93502 /* ZZNSExtension */,
				975E77621E6D529E00D93502 /* ZZUIExtension */,
			);
			path = ZZTool;
			sourceTree = "<group>";
		};
		975E77611E6D529E00D93502 /* ZZNSExtension */ = {
			isa = PBXGroup;
			children = (
			);
			path = ZZNSExtension;
			sourceTree = "<group>";
		};
		975E77621E6D529E00D93502 /* ZZUIExtension */ = {
			isa = PBXGroup;
			children = (
				975E776A1E6D52FD00D93502 /* ZZUIExtension.h */,
				975E77631E6D529E00D93502 /* UIView+ZZExtension.h */,
				975E77641E6D529E00D93502 /* UIView+ZZExtension.m */,
				975E777C1E6D839000D93502 /* UIAlertController+ZZExtension.h */,
				975E777D1E6D839000D93502 /* UIAlertController+ZZExtension.m */,
				975E77651E6D529E00D93502 /* UIView+ZZFrame.h */,
				975E77661E6D529E00D93502 /* UIView+ZZFrame.m */,
				974C0FD71E6D89D000053323 /* UIScreen+ZZExtension.h */,
				974C0FD81E6D89D000053323 /* UIScreen+ZZExtension.m */,
				977EB4951E718CCD008C47B7 /* NSDate+ZZExtension.h */,
				977EB4961E718CCD008C47B7 /* NSDate+ZZExtension.m */,
				977EB4981E718CF7008C47B7 /* NSDateFormatter+ZZExtension.h */,
				977EB4991E718CF7008C47B7 /* NSDateFormatter+ZZExtension.m */,
				977EB49B1E718FCE008C47B7 /* NSCalendar+ZZExtension.h */,
				977EB49C1E718FCE008C47B7 /* NSCalendar+ZZExtension.m */,
			);
			path = ZZUIExtension;
			sourceTree = "<group>";
		};
/* End PBXGroup section */

/* Begin PBXNativeTarget section */
		975E772B1E6D48C200D93502 /* ZZTool */ = {
			isa = PBXNativeTarget;
			buildConfigurationList = 975E77431E6D48C200D93502 /* Build configuration list for PBXNativeTarget "ZZTool" */;
			buildPhases = (
				975E77281E6D48C200D93502 /* Sources */,
				975E77291E6D48C200D93502 /* Frameworks */,
				975E772A1E6D48C200D93502 /* Resources */,
			);
			buildRules = (
			);
			dependencies = (
			);
			name = ZZTool;
			productName = ZZTool;
			productReference = 975E772C1E6D48C200D93502 /* ZZTool.app */;
			productType = "com.apple.product-type.application";
		};
/* End PBXNativeTarget section */

/* Begin PBXProject section */
		975E77241E6D48C200D93502 /* Project object */ = {
			isa = PBXProject;
			attributes = {
				LastUpgradeCheck = 0800;
				ORGANIZATIONNAME = lixiangzhou;
				TargetAttributes = {
					975E772B1E6D48C200D93502 = {
						CreatedOnToolsVersion = 8.0;
						DevelopmentTeam = N33WL6ABHF;
						ProvisioningStyle = Automatic;
					};
				};
			};
			buildConfigurationList = 975E77271E6D48C200D93502 /* Build configuration list for PBXProject "ZZTool" */;
			compatibilityVersion = "Xcode 3.2";
			developmentRegion = English;
			hasScannedForEncodings = 0;
			knownRegions = (
				en,
				Base,
			);
			mainGroup = 975E77231E6D48C200D93502;
			productRefGroup = 975E772D1E6D48C200D93502 /* Products */;
			projectDirPath = "";
			projectRoot = "";
			targets = (
				975E772B1E6D48C200D93502 /* ZZTool */,
			);
		};
/* End PBXProject section */

/* Begin PBXResourcesBuildPhase section */
		975E772A1E6D48C200D93502 /* Resources */ = {
			isa = PBXResourcesBuildPhase;
			buildActionMask = 2147483647;
			files = (
				975E777B1E6D7E7E00D93502 /* TestView.xib in Resources */,
				975E773F1E6D48C200D93502 /* LaunchScreen.storyboard in Resources */,
				975E773C1E6D48C200D93502 /* Assets.xcassets in Resources */,
				975E773A1E6D48C200D93502 /* Main.storyboard in Resources */,
			);
			runOnlyForDeploymentPostprocessing = 0;
		};
/* End PBXResourcesBuildPhase section */

/* Begin PBXSourcesBuildPhase section */
		975E77281E6D48C200D93502 /* Sources */ = {
			isa = PBXSourcesBuildPhase;
			buildActionMask = 2147483647;
			files = (
				975E77681E6D529E00D93502 /* UIView+ZZFrame.m in Sources */,
				975E77671E6D529E00D93502 /* UIView+ZZExtension.m in Sources */,
				975E77531E6D49E200D93502 /* ViewController.m in Sources */,
				974C0FD91E6D89D000053323 /* UIScreen+ZZExtension.m in Sources */,
				975E77521E6D49E200D93502 /* AppDelegate.m in Sources */,
				975E77791E6D7E7400D93502 /* TestView.m in Sources */,
				975E77311E6D48C200D93502 /* main.m in Sources */,
				977EB4971E718CCD008C47B7 /* NSDate+ZZExtension.m in Sources */,
				975E777E1E6D839000D93502 /* UIAlertController+ZZExtension.m in Sources */,
				977EB49A1E718CF7008C47B7 /* NSDateFormatter+ZZExtension.m in Sources */,
				977EB49D1E718FCE008C47B7 /* NSCalendar+ZZExtension.m in Sources */,
			);
			runOnlyForDeploymentPostprocessing = 0;
		};
/* End PBXSourcesBuildPhase section */

/* Begin PBXVariantGroup section */
		975E77381E6D48C200D93502 /* Main.storyboard */ = {
			isa = PBXVariantGroup;
			children = (
				975E77391E6D48C200D93502 /* Base */,
			);
			name = Main.storyboard;
			sourceTree = "<group>";
		};
		975E773D1E6D48C200D93502 /* LaunchScreen.storyboard */ = {
			isa = PBXVariantGroup;
			children = (
				975E773E1E6D48C200D93502 /* Base */,
			);
			name = LaunchScreen.storyboard;
			sourceTree = "<group>";
		};
/* End PBXVariantGroup section */

/* Begin XCBuildConfiguration section */
		975E77411E6D48C200D93502 /* Debug */ = {
			isa = XCBuildConfiguration;
			buildSettings = {
				ALWAYS_SEARCH_USER_PATHS = NO;
				CLANG_ANALYZER_NONNULL = YES;
				CLANG_CXX_LANGUAGE_STANDARD = "gnu++0x";
				CLANG_CXX_LIBRARY = "libc++";
				CLANG_ENABLE_MODULES = YES;
				CLANG_ENABLE_OBJC_ARC = YES;
				CLANG_WARN_BOOL_CONVERSION = YES;
				CLANG_WARN_CONSTANT_CONVERSION = YES;
				CLANG_WARN_DIRECT_OBJC_ISA_USAGE = YES_ERROR;
				CLANG_WARN_DOCUMENTATION_COMMENTS = YES;
				CLANG_WARN_EMPTY_BODY = YES;
				CLANG_WARN_ENUM_CONVERSION = YES;
				CLANG_WARN_INFINITE_RECURSION = YES;
				CLANG_WARN_INT_CONVERSION = YES;
				CLANG_WARN_OBJC_ROOT_CLASS = YES_ERROR;
				CLANG_WARN_SUSPICIOUS_MOVES = YES;
				CLANG_WARN_UNREACHABLE_CODE = YES;
				CLANG_WARN__DUPLICATE_METHOD_MATCH = YES;
				"CODE_SIGN_IDENTITY[sdk=iphoneos*]" = "iPhone Developer";
				COPY_PHASE_STRIP = NO;
				DEBUG_INFORMATION_FORMAT = dwarf;
				ENABLE_STRICT_OBJC_MSGSEND = YES;
				ENABLE_TESTABILITY = YES;
				GCC_C_LANGUAGE_STANDARD = gnu99;
				GCC_DYNAMIC_NO_PIC = NO;
				GCC_NO_COMMON_BLOCKS = YES;
				GCC_OPTIMIZATION_LEVEL = 0;
				GCC_PREPROCESSOR_DEFINITIONS = (
					"DEBUG=1",
					"$(inherited)",
				);
				GCC_WARN_64_TO_32_BIT_CONVERSION = YES;
				GCC_WARN_ABOUT_RETURN_TYPE = YES_ERROR;
				GCC_WARN_UNDECLARED_SELECTOR = YES;
				GCC_WARN_UNINITIALIZED_AUTOS = YES_AGGRESSIVE;
				GCC_WARN_UNUSED_FUNCTION = YES;
				GCC_WARN_UNUSED_VARIABLE = YES;
				IPHONEOS_DEPLOYMENT_TARGET = 10.0;
				MTL_ENABLE_DEBUG_INFO = YES;
				ONLY_ACTIVE_ARCH = YES;
				SDKROOT = iphoneos;
				TARGETED_DEVICE_FAMILY = "1,2";
			};
			name = Debug;
		};
		975E77421E6D48C200D93502 /* Release */ = {
			isa = XCBuildConfiguration;
			buildSettings = {
				ALWAYS_SEARCH_USER_PATHS = NO;
				CLANG_ANALYZER_NONNULL = YES;
				CLANG_CXX_LANGUAGE_STANDARD = "gnu++0x";
				CLANG_CXX_LIBRARY = "libc++";
				CLANG_ENABLE_MODULES = YES;
				CLANG_ENABLE_OBJC_ARC = YES;
				CLANG_WARN_BOOL_CONVERSION = YES;
				CLANG_WARN_CONSTANT_CONVERSION = YES;
				CLANG_WARN_DIRECT_OBJC_ISA_USAGE = YES_ERROR;
				CLANG_WARN_DOCUMENTATION_COMMENTS = YES;
				CLANG_WARN_EMPTY_BODY = YES;
				CLANG_WARN_ENUM_CONVERSION = YES;
				CLANG_WARN_INFINITE_RECURSION = YES;
				CLANG_WARN_INT_CONVERSION = YES;
				CLANG_WARN_OBJC_ROOT_CLASS = YES_ERROR;
				CLANG_WARN_SUSPICIOUS_MOVES = YES;
				CLANG_WARN_UNREACHABLE_CODE = YES;
				CLANG_WARN__DUPLICATE_METHOD_MATCH = YES;
				"CODE_SIGN_IDENTITY[sdk=iphoneos*]" = "iPhone Developer";
				COPY_PHASE_STRIP = NO;
				DEBUG_INFORMATION_FORMAT = "dwarf-with-dsym";
				ENABLE_NS_ASSERTIONS = NO;
				ENABLE_STRICT_OBJC_MSGSEND = YES;
				GCC_C_LANGUAGE_STANDARD = gnu99;
				GCC_NO_COMMON_BLOCKS = YES;
				GCC_WARN_64_TO_32_BIT_CONVERSION = YES;
				GCC_WARN_ABOUT_RETURN_TYPE = YES_ERROR;
				GCC_WARN_UNDECLARED_SELECTOR = YES;
				GCC_WARN_UNINITIALIZED_AUTOS = YES_AGGRESSIVE;
				GCC_WARN_UNUSED_FUNCTION = YES;
				GCC_WARN_UNUSED_VARIABLE = YES;
				IPHONEOS_DEPLOYMENT_TARGET = 10.0;
				MTL_ENABLE_DEBUG_INFO = NO;
				SDKROOT = iphoneos;
				TARGETED_DEVICE_FAMILY = "1,2";
				VALIDATE_PRODUCT = YES;
			};
			name = Release;
		};
		975E77441E6D48C200D93502 /* Debug */ = {
			isa = XCBuildConfiguration;
			buildSettings = {
				ASSETCATALOG_COMPILER_APPICON_NAME = AppIcon;
				DEVELOPMENT_TEAM = N33WL6ABHF;
				INFOPLIST_FILE = ZZTool/Info.plist;
				LD_RUNPATH_SEARCH_PATHS = "$(inherited) @executable_path/Frameworks";
				PRODUCT_BUNDLE_IDENTIFIER = com.zz.ZZTool;
				PRODUCT_NAME = "$(TARGET_NAME)";
			};
			name = Debug;
		};
		975E77451E6D48C200D93502 /* Release */ = {
			isa = XCBuildConfiguration;
			buildSettings = {
				ASSETCATALOG_COMPILER_APPICON_NAME = AppIcon;
				DEVELOPMENT_TEAM = N33WL6ABHF;
				INFOPLIST_FILE = ZZTool/Info.plist;
				LD_RUNPATH_SEARCH_PATHS = "$(inherited) @executable_path/Frameworks";
				PRODUCT_BUNDLE_IDENTIFIER = com.zz.ZZTool;
				PRODUCT_NAME = "$(TARGET_NAME)";
			};
			name = Release;
		};
/* End XCBuildConfiguration section */

/* Begin XCConfigurationList section */
		975E77271E6D48C200D93502 /* Build configuration list for PBXProject "ZZTool" */ = {
			isa = XCConfigurationList;
			buildConfigurations = (
				975E77411E6D48C200D93502 /* Debug */,
				975E77421E6D48C200D93502 /* Release */,
			);
			defaultConfigurationIsVisible = 0;
			defaultConfigurationName = Release;
		};
		975E77431E6D48C200D93502 /* Build configuration list for PBXNativeTarget "ZZTool" */ = {
			isa = XCConfigurationList;
			buildConfigurations = (
				975E77441E6D48C200D93502 /* Debug */,
				975E77451E6D48C200D93502 /* Release */,
			);
			defaultConfigurationIsVisible = 0;
			defaultConfigurationName = Release;
		};
/* End XCConfigurationList section */
	};
	rootObject = 975E77241E6D48C200D93502 /* Project object */;
}
